
Microsoft Visual Studio Solution File, Format Version 12.00
# Visual Studio 15
VisualStudioVersion = 15.0.26730.16
MinimumVisualStudioVersion = 10.0.40219.1
Project("{FAE04EC0-301F-11D3-BF4B-00C04F79EFBC}") = "TrainableBot", "TrainableBot\TrainableBot.csproj", "{D01A82AF-D2BF-4F43-B747-63DC4D42E928}"
EndProject
Project("{FAE04EC0-301F-11D3-BF4B-00C04F79EFBC}") = "Bot.Core", "Bot.Core\Bot.Core.csproj", "{ECD24DD3-C3D8-47EF-919D-441F296BC32D}"
EndProject
Global
	GlobalSection(SolutionConfigurationPlatforms) = preSolution
		Debug|Any CPU = Debug|Any CPU
		Release|Any CPU = Release|Any CPU
	EndGlobalSection
	GlobalSection(ProjectConfigurationPlatforms) = postSolution
		{D01A82AF-D2BF-4F43-B747-63DC4D42E928}.Debug|Any CPU.ActiveCfg = Debug|Any CPU
		{D01A82AF-D2BF-4F43-B747-63DC4D42E928}.Debug|Any CPU.Build.0 = Debug|Any CPU
		{D01A82AF-D2BF-4F43-B747-63DC4D42E928}.Release|Any CPU.ActiveCfg = Release|Any CPU
		{D01A82AF-D2BF-4F43-B747-63DC4D42E928}.Release|Any CPU.Build.0 = Release|Any CPU
		{ECD24DD3-C3D8-47EF-919D-441F296BC32D}.Debug|Any CPU.ActiveCfg = Debug|Any CPU
		{ECD24DD3-C3D8-47EF-919D-441F296BC32D}.Debug|Any CPU.Build.0 = Debug|Any CPU
		{ECD24DD3-C3D8-47EF-919D-441F296BC32D}.Release|Any CPU.ActiveCfg = Release|Any CPU
		{ECD24DD3-C3D8-47EF-919D-441F296BC32D}.Release|Any CPU.Build.0 = Release|Any CPU
	EndGlobalSection
	GlobalSection(SolutionProperties) = preSolution
		HideSolutionNode = FALSE
	EndGlobalSection
	GlobalSection(ExtensibilityGlobals) = postSolution
		SolutionGuid = {4FC89DC5-166B-40CC-AF79-CAF6FD908726}
	EndGlobalSection
EndGlobal
